
Microsoft Visual Studio Solution File, Format Version 12.00
# Visual Studio Version 17
VisualStudioVersion = 17.0.32014.148
MinimumVisualStudioVersion = 10.0.40219.1
Project("{9A19103F-16F7-4668-BE54-9A1E7A4F7556}") = "FolderSynchronizerLib", "FolderSynchronizerLib\FolderSynchronizerLib.csproj", "{56DE862D-4724-457D-A113-350B9D397619}"
EndProject
Project("{9A19103F-16F7-4668-BE54-9A1E7A4F7556}") = "Tests", "Tests\Tests.csproj", "{6FAE604E-0628-4E0E-9A5C-8391F39DD9BC}"
EndProject
Project("{9A19103F-16F7-4668-BE54-9A1E7A4F7556}") = "FolderSynchronizerCLI", "FolderSynchronizerCLI\FolderSynchronizerCLI.csproj", "{0CCCB4AC-89D4-47DF-BCF8-C4828B358232}"
EndProject
Global
	GlobalSection(SolutionConfigurationPlatforms) = preSolution
		Debug|Any CPU = Debug|Any CPU
		Release|Any CPU = Release|Any CPU
	EndGlobalSection
	GlobalSection(ProjectConfigurationPlatforms) = postSolution
		{56DE862D-4724-457D-A113-350B9D397619}.Debug|Any CPU.ActiveCfg = Debug|Any CPU
		{56DE862D-4724-457D-A113-350B9D397619}.Debug|Any CPU.Build.0 = Debug|Any CPU
		{56DE862D-4724-457D-A113-350B9D397619}.Release|Any CPU.ActiveCfg = Release|Any CPU
		{56DE862D-4724-457D-A113-350B9D397619}.Release|Any CPU.Build.0 = Release|Any CPU
		{6FAE604E-0628-4E0E-9A5C-8391F39DD9BC}.Debug|Any CPU.ActiveCfg = Debug|Any CPU
		{6FAE604E-0628-4E0E-9A5C-8391F39DD9BC}.Debug|Any CPU.Build.0 = Debug|Any CPU
		{6FAE604E-0628-4E0E-9A5C-8391F39DD9BC}.Release|Any CPU.ActiveCfg = Release|Any CPU
		{6FAE604E-0628-4E0E-9A5C-8391F39DD9BC}.Release|Any CPU.Build.0 = Release|Any CPU
		{0CCCB4AC-89D4-47DF-BCF8-C4828B358232}.Debug|Any CPU.ActiveCfg = Debug|Any CPU
		{0CCCB4AC-89D4-47DF-BCF8-C4828B358232}.Debug|Any CPU.Build.0 = Debug|Any CPU
		{0CCCB4AC-89D4-47DF-BCF8-C4828B358232}.Release|Any CPU.ActiveCfg = Release|Any CPU
		{0CCCB4AC-89D4-47DF-BCF8-C4828B358232}.Release|Any CPU.Build.0 = Release|Any CPU
	EndGlobalSection
	GlobalSection(SolutionProperties) = preSolution
		HideSolutionNode = FALSE
	EndGlobalSection
	GlobalSection(ExtensibilityGlobals) = postSolution
		SolutionGuid = {F8C59118-89DE-4166-A4B9-8C33E3367522}
	EndGlobalSection
EndGlobal
